# This file is machine-generated by `gh actions-lock`.
# Do not edit by hand; run `gh actions-lock` to update.
# Docs: https://gh.io/actions-lockfile
version: 'v0.0.2'
workflows:
    '.github/workflows/casket-pages.yml':
        - 'actions/cache@27d5ce7f107fe9357f9df03efb73ab90386fccae'
        - 'actions/checkout@de0fac2e4500dabe0009e67214ff5f5447ce83dd'
        - 'actions/configure-pages@45bfe0192ca1faeb007ade9deae92b16b8254a0d'
        - 'actions/deploy-pages@cd2ce8fcbc39b97be8ca5fce6e763baed58fa128'
        - 'actions/upload-pages-artifact@fc324d3547104276b827a68afc52ff2a11cc49c9'
        - 'haskell-actions/setup@cd0d9bdd65b20557f41bea4dbe43d0b5fbbfe553'
    '.github/workflows/ci.yml':
        - 'actions/checkout@de0fac2e4500dabe0009e67214ff5f5447ce83dd'
        - 'actions/dependency-review-action@a1d282b36b6f3519aa1f3fc636f609c47dddb294'
        - 'denoland/setup-deno@909cc5acb0fdd60627fb858598759246509fa755'
        - 'github/codeql-action@4bdb89f48054571735e3792627da6195c57459e2'
        - 'ruby/setup-ruby@afeafc3d1ab54a631816aba4c914a0081c12ff2f'
    '.github/workflows/codeql.yml':
        - 'actions/checkout@de0fac2e4500dabe0009e67214ff5f5447ce83dd'
        - 'github/codeql-action@662472033e021d55d94146f66f6058822b0b39fd'
    '.github/workflows/gleam-ci.yml':
        - 'actions/cache@27d5ce7f107fe9357f9df03efb73ab90386fccae'
        - 'actions/checkout@de0fac2e4500dabe0009e67214ff5f5447ce83dd'
        - 'erlef/setup-beam@5304e04ea2b355f03681464e683d92e3b2f18451'
    '.github/workflows/jekyll-gh-pages.yml':
        - 'actions/checkout@de0fac2e4500dabe0009e67214ff5f5447ce83dd'
        - 'actions/configure-pages@45bfe0192ca1faeb007ade9deae92b16b8254a0d'
        - 'actions/deploy-pages@cd2ce8fcbc39b97be8ca5fce6e763baed58fa128'
        - 'actions/jekyll-build-pages@44a6e6beabd48582f863aeeb6cb2151cc1716697'
        - 'actions/upload-pages-artifact@fc324d3547104276b827a68afc52ff2a11cc49c9'
    '.github/workflows/language-policy.yml':
        - 'actions/checkout@de0fac2e4500dabe0009e67214ff5f5447ce83dd'
    '.github/workflows/main-estate-audit.yml':
        - 'actions/checkout@11d5960a326750d5838078e36cf38b85af677262'
        - 'hyperpolymath/cicd-suite@5a10b72e574ef63855fafd4568a4c178657f3294'
    '.github/workflows/push-email-notify.yml':
        - 'hyperpolymath/smtp-notify-action@ede1191ef6ff3ac02c4f4d9efdf837ee517e11d7'
    '.github/workflows/rescript-deno-ci.yml':
        - 'actions/checkout@de0fac2e4500dabe0009e67214ff5f5447ce83dd'
        - 'denoland/setup-deno@909cc5acb0fdd60627fb858598759246509fa755'
    '.github/workflows/workflow-linter.yml':
        - 'actions/checkout@b4ffde65f46336ab88eb53be808477a3936bae11'
dependencies:
    'actions/cache@27d5ce7f107fe9357f9df03efb73ab90386fccae':
        ref: 'v5.0.5'
        commit: 'sha1-27d5ce7f107fe9357f9df03efb73ab90386fccae'
        owner_id: 44036562
        repo_id: 215566462
    'actions/checkout@11d5960a326750d5838078e36cf38b85af677262':
        ref: 'v4.4.0'
        commit: 'sha1-11d5960a326750d5838078e36cf38b85af677262'
        owner_id: 44036562
        repo_id: 197814629
    'actions/checkout@b4ffde65f46336ab88eb53be808477a3936bae11':
        ref: 'v4.1.1'
        commit: 'sha1-b4ffde65f46336ab88eb53be808477a3936bae11'
        owner_id: 44036562
        repo_id: 197814629
    'actions/checkout@de0fac2e4500dabe0009e67214ff5f5447ce83dd':
        ref: 'v6.0.2'
        commit: 'sha1-de0fac2e4500dabe0009e67214ff5f5447ce83dd'
        owner_id: 44036562
        repo_id: 197814629
    'actions/configure-pages@45bfe0192ca1faeb007ade9deae92b16b8254a0d':
        ref: 'v6.0.0'
        commit: 'sha1-45bfe0192ca1faeb007ade9deae92b16b8254a0d'
        owner_id: 44036562
        repo_id: 513659658
    'actions/dependency-review-action@a1d282b36b6f3519aa1f3fc636f609c47dddb294':
        ref: 'v5.0.0'
        commit: 'sha1-a1d282b36b6f3519aa1f3fc636f609c47dddb294'
        owner_id: 44036562
        repo_id: 476372928
    'actions/deploy-pages@cd2ce8fcbc39b97be8ca5fce6e763baed58fa128':
        ref: 'v5.0.0'
        commit: 'sha1-cd2ce8fcbc39b97be8ca5fce6e763baed58fa128'
        owner_id: 44036562
        repo_id: 438112499
    'actions/jekyll-build-pages@44a6e6beabd48582f863aeeb6cb2151cc1716697':
        ref: 'v1.0.13'
        commit: 'sha1-44a6e6beabd48582f863aeeb6cb2151cc1716697'
        owner_id: 44036562
        repo_id: 438323626
    'actions/upload-artifact@bbbca2ddaa5d8feaa63e36b76fdaad77386f024f':
        ref: 'v7.0.0'
        commit: 'sha1-bbbca2ddaa5d8feaa63e36b76fdaad77386f024f'
        owner_id: 44036562
        repo_id: 192625955
    'actions/upload-pages-artifact@fc324d3547104276b827a68afc52ff2a11cc49c9':
        ref: 'v5.0.0'
        commit: 'sha1-fc324d3547104276b827a68afc52ff2a11cc49c9'
        owner_id: 44036562
        repo_id: 496012378
        uses:
            - 'actions/upload-artifact@bbbca2ddaa5d8feaa63e36b76fdaad77386f024f'
    'denoland/setup-deno@909cc5acb0fdd60627fb858598759246509fa755':
        ref: 'v2.0.2'
        commit: 'sha1-909cc5acb0fdd60627fb858598759246509fa755'
        owner_id: 42048915
        repo_id: 356423100
    'erlef/setup-beam@5304e04ea2b355f03681464e683d92e3b2f18451':
        ref: 'v1.18.2'
        commit: 'sha1-5304e04ea2b355f03681464e683d92e3b2f18451'
        owner_id: 47606891
        repo_id: 331103973
    'github/codeql-action@4bdb89f48054571735e3792627da6195c57459e2':
        ref: 'v3.31.10'
        commit: 'sha1-4bdb89f48054571735e3792627da6195c57459e2'
        owner_id: 9919
        repo_id: 259445878
    'github/codeql-action@662472033e021d55d94146f66f6058822b0b39fd':
        ref: 'main'
        commit: 'sha1-662472033e021d55d94146f66f6058822b0b39fd'
        owner_id: 9919
        repo_id: 259445878
    'haskell-actions/setup@cd0d9bdd65b20557f41bea4dbe43d0b5fbbfe553':
        ref: 'v2.11.0'
        commit: 'sha1-cd0d9bdd65b20557f41bea4dbe43d0b5fbbfe553'
        owner_id: 75048950
        repo_id: 623796603
    'hyperpolymath/cicd-suite@5a10b72e574ef63855fafd4568a4c178657f3294':
        ref: 'main'
        commit: 'sha1-5a10b72e574ef63855fafd4568a4c178657f3294'
        owner_id: 6759885
        repo_id: 1326697643
        uses:
            - 'hyperpolymath/deed-ecosystem@f9d999b60cb5f383679ea19912bcdc49c944973a'
            - 'hyperpolymath/k9-ecosystem@2155aa26a21758f2ba119f61bc7e0e1981c106fb'
    'hyperpolymath/deed-ecosystem@f9d999b60cb5f383679ea19912bcdc49c944973a':
        ref: 'main'
        commit: 'sha1-f9d999b60cb5f383679ea19912bcdc49c944973a'
        owner_id: 6759885
        repo_id: 1275649586
    'hyperpolymath/k9-ecosystem@2155aa26a21758f2ba119f61bc7e0e1981c106fb':
        ref: 'main'
        commit: 'sha1-2155aa26a21758f2ba119f61bc7e0e1981c106fb'
        owner_id: 6759885
        repo_id: 1275650185
    'hyperpolymath/smtp-notify-action@ede1191ef6ff3ac02c4f4d9efdf837ee517e11d7':
        ref: 'v0.2.0'
        commit: 'sha1-ede1191ef6ff3ac02c4f4d9efdf837ee517e11d7'
        owner_id: 6759885
        repo_id: 1352485172
    'ruby/setup-ruby@afeafc3d1ab54a631816aba4c914a0081c12ff2f':
        ref: 'v1.310.0'
        commit: 'sha1-afeafc3d1ab54a631816aba4c914a0081c12ff2f'
        owner_id: 210414
        repo_id: 231208785
